title: Trust Block Area
areas:
  tBlockImage:
    title: Trust Block Image
    type: single
    availableComponents:
      Image:
        id: atom:components/image
  tBlockText:
    title: Trust Block Text
    type: single
    availableComponents:
      RichParaText:
        id: atom:components/rich-paragraph
